// !$*UTF8*$!
{
	archiveVersion = 1;
	classes = {
	};
	objectVersion = 77;
	objects = {

/* Begin PBXBuildFile section */
		20DD9A7F2FC95AB900BE1F8C /* Assets.xcassets in Resources */ = {isa = PBXBuildFile; fileRef = 20DD9A7A2FC95AB900BE1F8C /* Assets.xcassets */; };
		20DD9A822FC95AB900BE1F8C /* KeyTypeApp.swift in Sources */ = {isa = PBXBuildFile; fileRef = 20DD9A7D2FC95AB900BE1F8C /* KeyTypeApp.swift */; };
		20DD9A852FC95ABB00BE1F8C /* KeyTypeTests.swift in Sources */ = {isa = PBXBuildFile; fileRef = 20DD9A832FC95ABB00BE1F8C /* KeyTypeTests.swift */; };
		20DD9A892FC95ABD00BE1F8C /* KeyTypeUITests.swift in Sources */ = {isa = PBXBuildFile; fileRef = 20DD9A862FC95ABD00BE1F8C /* KeyTypeUITests.swift */; };
		20DD9A8A2FC95ABD00BE1F8C /* KeyTypeUITestsLaunchTests.swift in Sources */ = {isa = PBXBuildFile; fileRef = 20DD9A872FC95ABD00BE1F8C /* KeyTypeUITestsLaunchTests.swift */; };
		4B5450012FC9600000000001 /* AutocompleteCore in Frameworks */ = {isa = PBXBuildFile; productRef = 4B5450012FC9600000000011 /* AutocompleteCore */; };
		4B5450012FC9600000000002 /* MacContextCapture in Frameworks */ = {isa = PBXBuildFile; productRef = 4B5450012FC9600000000012 /* MacContextCapture */; };
		4B5450012FC9600000000003 /* Prompting in Frameworks */ = {isa = PBXBuildFile; productRef = 4B5450012FC9600000000013 /* Prompting */; };
		4B5450012FC9600000000004 /* ModelRuntime in Frameworks */ = {isa = PBXBuildFile; productRef = 4B5450012FC9600000000014 /* ModelRuntime */; };
		4B5450012FC9600000000005 /* TokenProfiles in Frameworks */ = {isa = PBXBuildFile; productRef = 4B5450012FC9600000000015 /* TokenProfiles */; };
		4B5450012FC9600000000006 /* ConstrainedGeneration in Frameworks */ = {isa = PBXBuildFile; productRef = 4B5450012FC9600000000016 /* ConstrainedGeneration */; };
		4B5450012FC9600000000007 /* CompletionUI in Frameworks */ = {isa = PBXBuildFile; productRef = 4B5450012FC9600000000017 /* CompletionUI */; };
		4B5450012FC9600000000008 /* TextInsertion in Frameworks */ = {isa = PBXBuildFile; productRef = 4B5450012FC9600000000018 /* TextInsertion */; };
		4B5450012FC9600000000009 /* AppCompatibility in Frameworks */ = {isa = PBXBuildFile; productRef = 4B5450012FC9600000000019 /* AppCompatibility */; };
		4B5450012FC960000000000A /* KeyTypeModuleGraph.swift in Sources */ = {isa = PBXBuildFile; fileRef = 4B5450012FC960000000000B /* KeyTypeModuleGraph.swift */; };
		4B5450012FC9600000000030 /* AppDelegate.swift in Sources */ = {isa = PBXBuildFile; fileRef = 4B5450012FC9600000000031 /* AppDelegate.swift */; };
		4B5450012FC9600000000032 /* PermissionsManager.swift in Sources */ = {isa = PBXBuildFile; fileRef = 4B5450012FC9600000000033 /* PermissionsManager.swift */; };
		4B5450012FC9600000000034 /* OnboardingView.swift in Sources */ = {isa = PBXBuildFile; fileRef = 4B5450012FC9600000000035 /* OnboardingView.swift */; };
		4B5450012FC9600000000036 /* MenuBarView.swift in Sources */ = {isa = PBXBuildFile; fileRef = 4B5450012FC9600000000037 /* MenuBarView.swift */; };
		4B5450012FC9600000000038 /* ContextCaptureController.swift in Sources */ = {isa = PBXBuildFile; fileRef = 4B5450012FC9600000000039 /* ContextCaptureController.swift */; };
/* End PBXBuildFile section */

/* Begin PBXContainerItemProxy section */
		20DD9A5E2FC95AA900BE1F8C /* PBXContainerItemProxy */ = {
			isa = PBXContainerItemProxy;
			containerPortal = 20DD9A462FC95AA900BE1F8C /* Project object */;
			proxyType = 1;
			remoteGlobalIDString = 20DD9A4D2FC95AA900BE1F8C;
			remoteInfo = KeyType;
		};
		20DD9A682FC95AA900BE1F8C /* PBXContainerItemProxy */ = {
			isa = PBXContainerItemProxy;
			containerPortal = 20DD9A462FC95AA900BE1F8C /* Project object */;
			proxyType = 1;
			remoteGlobalIDString = 20DD9A4D2FC95AA900BE1F8C;
			remoteInfo = KeyType;
		};
/* End PBXContainerItemProxy section */

/* Begin PBXFileReference section */
		20DD9A4E2FC95AA900BE1F8C /* KeyType.app */ = {isa = PBXFileReference; explicitFileType = wrapper.application; includeInIndex = 0; path = KeyType.app; sourceTree = BUILT_PRODUCTS_DIR; };
		20DD9A5D2FC95AA900BE1F8C /* KeyTypeTests.xctest */ = {isa = PBXFileReference; explicitFileType = wrapper.cfbundle; includeInIndex = 0; path = KeyTypeTests.xctest; sourceTree = BUILT_PRODUCTS_DIR; };
		20DD9A672FC95AA900BE1F8C /* KeyTypeUITests.xctest */ = {isa = PBXFileReference; explicitFileType = wrapper.cfbundle; includeInIndex = 0; path = KeyTypeUITests.xctest; sourceTree = BUILT_PRODUCTS_DIR; };
		20DD9A7A2FC95AB900BE1F8C /* Assets.xcassets */ = {isa = PBXFileReference; lastKnownFileType = folder.assetcatalog; path = Assets.xcassets; sourceTree = "<group>"; };
		20DD9A7D2FC95AB900BE1F8C /* KeyTypeApp.swift */ = {isa = PBXFileReference; lastKnownFileType = sourcecode.swift; path = KeyTypeApp.swift; sourceTree = "<group>"; };
		20DD9A832FC95ABB00BE1F8C /* KeyTypeTests.swift */ = {isa = PBXFileReference; lastKnownFileType = sourcecode.swift; path = KeyTypeTests.swift; sourceTree = "<group>"; };
		20DD9A862FC95ABD00BE1F8C /* KeyTypeUITests.swift */ = {isa = PBXFileReference; lastKnownFileType = sourcecode.swift; path = KeyTypeUITests.swift; sourceTree = "<group>"; };
		20DD9A872FC95ABD00BE1F8C /* KeyTypeUITestsLaunchTests.swift */ = {isa = PBXFileReference; lastKnownFileType = sourcecode.swift; path = KeyTypeUITestsLaunchTests.swift; sourceTree = "<group>"; };
		4B5450012FC960000000000B /* KeyTypeModuleGraph.swift */ = {isa = PBXFileReference; lastKnownFileType = sourcecode.swift; path = KeyTypeModuleGraph.swift; sourceTree = "<group>"; };
		4B5450012FC9600000000031 /* AppDelegate.swift */ = {isa = PBXFileReference; lastKnownFileType = sourcecode.swift; path = AppDelegate.swift; sourceTree = "<group>"; };
		4B5450012FC9600000000033 /* PermissionsManager.swift */ = {isa = PBXFileReference; lastKnownFileType = sourcecode.swift; path = PermissionsManager.swift; sourceTree = "<group>"; };
		4B5450012FC9600000000035 /* OnboardingView.swift */ = {isa = PBXFileReference; lastKnownFileType = sourcecode.swift; path = OnboardingView.swift; sourceTree = "<group>"; };
		4B5450012FC9600000000037 /* MenuBarView.swift */ = {isa = PBXFileReference; lastKnownFileType = sourcecode.swift; path = MenuBarView.swift; sourceTree = "<group>"; };
		4B5450012FC9600000000039 /* ContextCaptureController.swift */ = {isa = PBXFileReference; lastKnownFileType = sourcecode.swift; path = ContextCaptureController.swift; sourceTree = "<group>"; };
/* End PBXFileReference section */

/* Begin PBXFrameworksBuildPhase section */
		20DD9A4B2FC95AA900BE1F8C /* Frameworks */ = {
			isa = PBXFrameworksBuildPhase;
			buildActionMask = 2147483647;
			files = (
				4B5450012FC9600000000009 /* AppCompatibility in Frameworks */,
				4B5450012FC9600000000001 /* AutocompleteCore in Frameworks */,
				4B5450012FC9600000000007 /* CompletionUI in Frameworks */,
				4B5450012FC9600000000006 /* ConstrainedGeneration in Frameworks */,
				4B5450012FC9600000000002 /* MacContextCapture in Frameworks */,
				4B5450012FC9600000000004 /* ModelRuntime in Frameworks */,
				4B5450012FC9600000000003 /* Prompting in Frameworks */,
				4B5450012FC9600000000008 /* TextInsertion in Frameworks */,
				4B5450012FC9600000000005 /* TokenProfiles in Frameworks */,
			);
			runOnlyForDeploymentPostprocessing = 0;
		};
		20DD9A5A2FC95AA900BE1F8C /* Frameworks */ = {
			isa = PBXFrameworksBuildPhase;
			buildActionMask = 2147483647;
			files = (
			);
			runOnlyForDeploymentPostprocessing = 0;
		};
		20DD9A642FC95AA900BE1F8C /* Frameworks */ = {
			isa = PBXFrameworksBuildPhase;
			buildActionMask = 2147483647;
			files = (
			);
			runOnlyForDeploymentPostprocessing = 0;
		};
/* End PBXFrameworksBuildPhase section */

/* Begin PBXGroup section */
		20DD9A452FC95AA900BE1F8C = {
			isa = PBXGroup;
			children = (
				20DD9A7E2FC95AB900BE1F8C /* KeyType */,
				20DD9A842FC95ABB00BE1F8C /* KeyTypeTests */,
				20DD9A882FC95ABD00BE1F8C /* KeyTypeUITests */,
				20DD9A4F2FC95AA900BE1F8C /* Products */,
			);
			sourceTree = "<group>";
		};
		20DD9A4F2FC95AA900BE1F8C /* Products */ = {
			isa = PBXGroup;
			children = (
				20DD9A4E2FC95AA900BE1F8C /* KeyType.app */,
				20DD9A5D2FC95AA900BE1F8C /* KeyTypeTests.xctest */,
				20DD9A672FC95AA900BE1F8C /* KeyTypeUITests.xctest */,
			);
			name = Products;
			sourceTree = "<group>";
		};
		20DD9A7E2FC95AB900BE1F8C /* KeyType */ = {
			isa = PBXGroup;
			children = (
				20DD9A7D2FC95AB900BE1F8C /* KeyTypeApp.swift */,
				4B5450012FC9600000000031 /* AppDelegate.swift */,
				4B5450012FC9600000000037 /* MenuBarView.swift */,
				4B5450012FC9600000000035 /* OnboardingView.swift */,
				4B5450012FC9600000000033 /* PermissionsManager.swift */,
				4B5450012FC9600000000039 /* ContextCaptureController.swift */,
				4B5450012FC960000000000B /* KeyTypeModuleGraph.swift */,
				20DD9A7A2FC95AB900BE1F8C /* Assets.xcassets */,
			);
			path = KeyType;
			sourceTree = "<group>";
		};
		20DD9A842FC95ABB00BE1F8C /* KeyTypeTests */ = {
			isa = PBXGroup;
			children = (
				20DD9A832FC95ABB00BE1F8C /* KeyTypeTests.swift */,
			);
			path = KeyTypeTests;
			sourceTree = "<group>";
		};
		20DD9A882FC95ABD00BE1F8C /* KeyTypeUITests */ = {
			isa = PBXGroup;
			children = (
				20DD9A862FC95ABD00BE1F8C /* KeyTypeUITests.swift */,
				20DD9A872FC95ABD00BE1F8C /* KeyTypeUITestsLaunchTests.swift */,
			);
			path = KeyTypeUITests;
			sourceTree = "<group>";
		};
/* End PBXGroup section */

/* Begin PBXNativeTarget section */
		20DD9A4D2FC95AA900BE1F8C /* KeyType */ = {
			isa = PBXNativeTarget;
			buildConfigurationList = 20DD9A712FC95AA900BE1F8C /* Build configuration list for PBXNativeTarget "KeyType" */;
			buildPhases = (
				20DD9A4A2FC95AA900BE1F8C /* Sources */,
				20DD9A4B2FC95AA900BE1F8C /* Frameworks */,
				20DD9A4C2FC95AA900BE1F8C /* Resources */,
			);
			buildRules = (
			);
			dependencies = (
			);
			name = KeyType;
			packageProductDependencies = (
				4B5450012FC9600000000019 /* AppCompatibility */,
				4B5450012FC9600000000011 /* AutocompleteCore */,
				4B5450012FC9600000000017 /* CompletionUI */,
				4B5450012FC9600000000016 /* ConstrainedGeneration */,
				4B5450012FC9600000000012 /* MacContextCapture */,
				4B5450012FC9600000000014 /* ModelRuntime */,
				4B5450012FC9600000000013 /* Prompting */,
				4B5450012FC9600000000018 /* TextInsertion */,
				4B5450012FC9600000000015 /* TokenProfiles */,
			);
			productName = KeyType;
			productReference = 20DD9A4E2FC95AA900BE1F8C /* KeyType.app */;
			productType = "com.apple.product-type.application";
		};
		20DD9A5C2FC95AA900BE1F8C /* KeyTypeTests */ = {
			isa = PBXNativeTarget;
			buildConfigurationList = 20DD9A742FC95AA900BE1F8C /* Build configuration list for PBXNativeTarget "KeyTypeTests" */;
			buildPhases = (
				20DD9A592FC95AA900BE1F8C /* Sources */,
				20DD9A5A2FC95AA900BE1F8C /* Frameworks */,
				20DD9A5B2FC95AA900BE1F8C /* Resources */,
			);
			buildRules = (
			);
			dependencies = (
				20DD9A5F2FC95AA900BE1F8C /* PBXTargetDependency */,
			);
			name = KeyTypeTests;
			packageProductDependencies = (
			);
			productName = KeyTypeTests;
			productReference = 20DD9A5D2FC95AA900BE1F8C /* KeyTypeTests.xctest */;
			productType = "com.apple.product-type.bundle.unit-test";
		};
		20DD9A662FC95AA900BE1F8C /* KeyTypeUITests */ = {
			isa = PBXNativeTarget;
			buildConfigurationList = 20DD9A772FC95AA900BE1F8C /* Build configuration list for PBXNativeTarget "KeyTypeUITests" */;
			buildPhases = (
				20DD9A632FC95AA900BE1F8C /* Sources */,
				20DD9A642FC95AA900BE1F8C /* Frameworks */,
				20DD9A652FC95AA900BE1F8C /* Resources */,
			);
			buildRules = (
			);
			dependencies = (
				20DD9A692FC95AA900BE1F8C /* PBXTargetDependency */,
			);
			name = KeyTypeUITests;
			packageProductDependencies = (
			);
			productName = KeyTypeUITests;
			productReference = 20DD9A672FC95AA900BE1F8C /* KeyTypeUITests.xctest */;
			productType = "com.apple.product-type.bundle.ui-testing";
		};
/* End PBXNativeTarget section */

/* Begin PBXProject section */
		20DD9A462FC95AA900BE1F8C /* Project object */ = {
			isa = PBXProject;
			attributes = {
				BuildIndependentTargetsInParallel = 1;
				LastSwiftUpdateCheck = 2640;
				LastUpgradeCheck = 2640;
				TargetAttributes = {
					20DD9A4D2FC95AA900BE1F8C = {
						CreatedOnToolsVersion = 26.4;
					};
					20DD9A5C2FC95AA900BE1F8C = {
						CreatedOnToolsVersion = 26.4;
						TestTargetID = 20DD9A4D2FC95AA900BE1F8C;
					};
					20DD9A662FC95AA900BE1F8C = {
						CreatedOnToolsVersion = 26.4;
						TestTargetID = 20DD9A4D2FC95AA900BE1F8C;
					};
				};
			};
			buildConfigurationList = 20DD9A492FC95AA900BE1F8C /* Build configuration list for PBXProject "KeyType" */;
			developmentRegion = en;
			hasScannedForEncodings = 0;
			knownRegions = (
				en,
				Base,
			);
			mainGroup = 20DD9A452FC95AA900BE1F8C;
			minimizedProjectReferenceProxies = 1;
			packageReferences = (
				4B5450012FC9600000000027 /* XCLocalSwiftPackageReference "Packages/AppCompatibility" */,
				4B5450012FC9600000000010 /* XCLocalSwiftPackageReference "Packages/AutocompleteCore" */,
				4B5450012FC9600000000025 /* XCLocalSwiftPackageReference "Packages/CompletionUI" */,
				4B5450012FC9600000000024 /* XCLocalSwiftPackageReference "Packages/ConstrainedGeneration" */,
				4B5450012FC9600000000020 /* XCLocalSwiftPackageReference "Packages/MacContextCapture" */,
				4B5450012FC9600000000022 /* XCLocalSwiftPackageReference "Packages/ModelRuntime" */,
				4B5450012FC9600000000021 /* XCLocalSwiftPackageReference "Packages/Prompting" */,
				4B5450012FC9600000000026 /* XCLocalSwiftPackageReference "Packages/TextInsertion" */,
				4B5450012FC9600000000023 /* XCLocalSwiftPackageReference "Packages/TokenProfiles" */,
			);
			preferredProjectObjectVersion = 77;
			productRefGroup = 20DD9A4F2FC95AA900BE1F8C /* Products */;
			projectDirPath = "";
			projectRoot = "";
			targets = (
				20DD9A4D2FC95AA900BE1F8C /* KeyType */,
				20DD9A5C2FC95AA900BE1F8C /* KeyTypeTests */,
				20DD9A662FC95AA900BE1F8C /* KeyTypeUITests */,
			);
		};
/* End PBXProject section */

/* Begin PBXResourcesBuildPhase section */
		20DD9A4C2FC95AA900BE1F8C /* Resources */ = {
			isa = PBXResourcesBuildPhase;
			buildActionMask = 2147483647;
			files = (
				20DD9A7F2FC95AB900BE1F8C /* Assets.xcassets in Resources */,
			);
			runOnlyForDeploymentPostprocessing = 0;
		};
		20DD9A5B2FC95AA900BE1F8C /* Resources */ = {
			isa = PBXResourcesBuildPhase;
			buildActionMask = 2147483647;
			files = (
			);
			runOnlyForDeploymentPostprocessing = 0;
		};
		20DD9A652FC95AA900BE1F8C /* Resources */ = {
			isa = PBXResourcesBuildPhase;
			buildActionMask = 2147483647;
			files = (
			);
			runOnlyForDeploymentPostprocessing = 0;
		};
/* End PBXResourcesBuildPhase section */

/* Begin PBXSourcesBuildPhase section */
		20DD9A4A2FC95AA900BE1F8C /* Sources */ = {
			isa = PBXSourcesBuildPhase;
			buildActionMask = 2147483647;
			files = (
				4B5450012FC9600000000030 /* AppDelegate.swift in Sources */,
				4B5450012FC9600000000036 /* MenuBarView.swift in Sources */,
				4B5450012FC9600000000034 /* OnboardingView.swift in Sources */,
				4B5450012FC9600000000032 /* PermissionsManager.swift in Sources */,
				4B5450012FC9600000000038 /* ContextCaptureController.swift in Sources */,
				4B5450012FC960000000000A /* KeyTypeModuleGraph.swift in Sources */,
				20DD9A822FC95AB900BE1F8C /* KeyTypeApp.swift in Sources */,
			);
			runOnlyForDeploymentPostprocessing = 0;
		};
		20DD9A592FC95AA900BE1F8C /* Sources */ = {
			isa = PBXSourcesBuildPhase;
			buildActionMask = 2147483647;
			files = (
				20DD9A852FC95ABB00BE1F8C /* KeyTypeTests.swift in Sources */,
			);
			runOnlyForDeploymentPostprocessing = 0;
		};
		20DD9A632FC95AA900BE1F8C /* Sources */ = {
			isa = PBXSourcesBuildPhase;
			buildActionMask = 2147483647;
			files = (
				20DD9A892FC95ABD00BE1F8C /* KeyTypeUITests.swift in Sources */,
				20DD9A8A2FC95ABD00BE1F8C /* KeyTypeUITestsLaunchTests.swift in Sources */,
			);
			runOnlyForDeploymentPostprocessing = 0;
		};
/* End PBXSourcesBuildPhase section */

/* Begin PBXTargetDependency section */
		20DD9A5F2FC95AA900BE1F8C /* PBXTargetDependency */ = {
			isa = PBXTargetDependency;
			target = 20DD9A4D2FC95AA900BE1F8C /* KeyType */;
			targetProxy = 20DD9A5E2FC95AA900BE1F8C /* PBXContainerItemProxy */;
		};
		20DD9A692FC95AA900BE1F8C /* PBXTargetDependency */ = {
			isa = PBXTargetDependency;
			target = 20DD9A4D2FC95AA900BE1F8C /* KeyType */;
			targetProxy = 20DD9A682FC95AA900BE1F8C /* PBXContainerItemProxy */;
		};
/* End PBXTargetDependency section */

/* Begin XCBuildConfiguration section */
		20DD9A6F2FC95AA900BE1F8C /* Debug */ = {
			isa = XCBuildConfiguration;
			buildSettings = {
				ALWAYS_SEARCH_USER_PATHS = NO;
				ASSETCATALOG_COMPILER_GENERATE_SWIFT_ASSET_SYMBOL_EXTENSIONS = YES;
				CLANG_ANALYZER_NONNULL = YES;
				CLANG_ANALYZER_NUMBER_OBJECT_CONVERSION = YES_AGGRESSIVE;
				CLANG_CXX_LANGUAGE_STANDARD = "gnu++20";
				CLANG_ENABLE_MODULES = YES;
				CLANG_ENABLE_OBJC_ARC = YES;
				CLANG_ENABLE_OBJC_WEAK = YES;
				CLANG_WARN_BLOCK_CAPTURE_AUTORELEASING = YES;
				CLANG_WARN_BOOL_CONVERSION = YES;
				CLANG_WARN_COMMA = YES;
				CLANG_WARN_CONSTANT_CONVERSION = YES;
				CLANG_WARN_DEPRECATED_OBJC_IMPLEMENTATIONS = YES;
				CLANG_WARN_DIRECT_OBJC_ISA_USAGE = YES_ERROR;
				CLANG_WARN_DOCUMENTATION_COMMENTS = YES;
				CLANG_WARN_EMPTY_BODY = YES;
				CLANG_WARN_ENUM_CONVERSION = YES;
				CLANG_WARN_INFINITE_RECURSION = YES;
				CLANG_WARN_INT_CONVERSION = YES;
				CLANG_WARN_NON_LITERAL_NULL_CONVERSION = YES;
				CLANG_WARN_OBJC_IMPLICIT_RETAIN_SELF = YES;
				CLANG_WARN_OBJC_LITERAL_CONVERSION = YES;
				CLANG_WARN_OBJC_ROOT_CLASS = YES_ERROR;
				CLANG_WARN_QUOTED_INCLUDE_IN_FRAMEWORK_HEADER = YES;
				CLANG_WARN_RANGE_LOOP_ANALYSIS = YES;
				CLANG_WARN_STRICT_PROTOTYPES = YES;
				CLANG_WARN_SUSPICIOUS_MOVE = YES;
				CLANG_WARN_UNGUARDED_AVAILABILITY = YES_AGGRESSIVE;
				CLANG_WARN_UNREACHABLE_CODE = YES;
				CLANG_WARN__DUPLICATE_METHOD_MATCH = YES;
				COPY_PHASE_STRIP = NO;
				DEBUG_INFORMATION_FORMAT = dwarf;
				DEVELOPMENT_TEAM = KM2C4ZAVPJ;
				ENABLE_STRICT_OBJC_MSGSEND = YES;
				ENABLE_TESTABILITY = YES;
				ENABLE_USER_SCRIPT_SANDBOXING = YES;
				GCC_C_LANGUAGE_STANDARD = gnu17;
				GCC_DYNAMIC_NO_PIC = NO;
				GCC_NO_COMMON_BLOCKS = YES;
				GCC_OPTIMIZATION_LEVEL = 0;
				GCC_PREPROCESSOR_DEFINITIONS = (
					"DEBUG=1",
					"$(inherited)",
				);
				GCC_WARN_64_TO_32_BIT_CONVERSION = YES;
				GCC_WARN_ABOUT_RETURN_TYPE = YES_ERROR;
				GCC_WARN_UNDECLARED_SELECTOR = YES;
				GCC_WARN_UNINITIALIZED_AUTOS = YES_AGGRESSIVE;
				GCC_WARN_UNUSED_FUNCTION = YES;
				GCC_WARN_UNUSED_VARIABLE = YES;
				LOCALIZATION_PREFERS_STRING_CATALOGS = YES;
				MACOSX_DEPLOYMENT_TARGET = 26.4;
				MTL_ENABLE_DEBUG_INFO = INCLUDE_SOURCE;
				MTL_FAST_MATH = YES;
				ONLY_ACTIVE_ARCH = YES;
				SDKROOT = macosx;
				SWIFT_ACTIVE_COMPILATION_CONDITIONS = "DEBUG $(inherited)";
				SWIFT_OPTIMIZATION_LEVEL = "-Onone";
			};
			name = Debug;
		};
		20DD9A702FC95AA900BE1F8C /* Release */ = {
			isa = XCBuildConfiguration;
			buildSettings = {
				ALWAYS_SEARCH_USER_PATHS = NO;
				ASSETCATALOG_COMPILER_GENERATE_SWIFT_ASSET_SYMBOL_EXTENSIONS = YES;
				CLANG_ANALYZER_NONNULL = YES;
				CLANG_ANALYZER_NUMBER_OBJECT_CONVERSION = YES_AGGRESSIVE;
				CLANG_CXX_LANGUAGE_STANDARD = "gnu++20";
				CLANG_ENABLE_MODULES = YES;
				CLANG_ENABLE_OBJC_ARC = YES;
				CLANG_ENABLE_OBJC_WEAK = YES;
				CLANG_WARN_BLOCK_CAPTURE_AUTORELEASING = YES;
				CLANG_WARN_BOOL_CONVERSION = YES;
				CLANG_WARN_COMMA = YES;
				CLANG_WARN_CONSTANT_CONVERSION = YES;
				CLANG_WARN_DEPRECATED_OBJC_IMPLEMENTATIONS = YES;
				CLANG_WARN_DIRECT_OBJC_ISA_USAGE = YES_ERROR;
				CLANG_WARN_DOCUMENTATION_COMMENTS = YES;
				CLANG_WARN_EMPTY_BODY = YES;
				CLANG_WARN_ENUM_CONVERSION = YES;
				CLANG_WARN_INFINITE_RECURSION = YES;
				CLANG_WARN_INT_CONVERSION = YES;
				CLANG_WARN_NON_LITERAL_NULL_CONVERSION = YES;
				CLANG_WARN_OBJC_IMPLICIT_RETAIN_SELF = YES;
				CLANG_WARN_OBJC_LITERAL_CONVERSION = YES;
				CLANG_WARN_OBJC_ROOT_CLASS = YES_ERROR;
				CLANG_WARN_QUOTED_INCLUDE_IN_FRAMEWORK_HEADER = YES;
				CLANG_WARN_RANGE_LOOP_ANALYSIS = YES;
				CLANG_WARN_STRICT_PROTOTYPES = YES;
				CLANG_WARN_SUSPICIOUS_MOVE = YES;
				CLANG_WARN_UNGUARDED_AVAILABILITY = YES_AGGRESSIVE;
				CLANG_WARN_UNREACHABLE_CODE = YES;
				CLANG_WARN__DUPLICATE_METHOD_MATCH = YES;
				COPY_PHASE_STRIP = NO;
				DEBUG_INFORMATION_FORMAT = "dwarf-with-dsym";
				DEVELOPMENT_TEAM = KM2C4ZAVPJ;
				ENABLE_NS_ASSERTIONS = NO;
				ENABLE_STRICT_OBJC_MSGSEND = YES;
				ENABLE_USER_SCRIPT_SANDBOXING = YES;
				GCC_C_LANGUAGE_STANDARD = gnu17;
				GCC_NO_COMMON_BLOCKS = YES;
				GCC_WARN_64_TO_32_BIT_CONVERSION = YES;
				GCC_WARN_ABOUT_RETURN_TYPE = YES_ERROR;
				GCC_WARN_UNDECLARED_SELECTOR = YES;
				GCC_WARN_UNINITIALIZED_AUTOS = YES_AGGRESSIVE;
				GCC_WARN_UNUSED_FUNCTION = YES;
				GCC_WARN_UNUSED_VARIABLE = YES;
				LOCALIZATION_PREFERS_STRING_CATALOGS = YES;
				MACOSX_DEPLOYMENT_TARGET = 26.4;
				MTL_ENABLE_DEBUG_INFO = NO;
				MTL_FAST_MATH = YES;
				SDKROOT = macosx;
				SWIFT_COMPILATION_MODE = wholemodule;
			};
			name = Release;
		};
		20DD9A722FC95AA900BE1F8C /* Debug */ = {
			isa = XCBuildConfiguration;
			buildSettings = {
				ASSETCATALOG_COMPILER_APPICON_NAME = AppIcon;
				ASSETCATALOG_COMPILER_GLOBAL_ACCENT_COLOR_NAME = AccentColor;
				CODE_SIGN_STYLE = Automatic;
				COMBINE_HIDPI_IMAGES = YES;
				CURRENT_PROJECT_VERSION = 1;
				DEVELOPMENT_TEAM = KM2C4ZAVPJ;
				ENABLE_APP_SANDBOX = NO;
				ENABLE_HARDENED_RUNTIME = YES;
				ENABLE_PREVIEWS = YES;
				ENABLE_USER_SELECTED_FILES = readonly;
				GENERATE_INFOPLIST_FILE = YES;
				INFOPLIST_KEY_LSApplicationCategoryType = "public.app-category.productivity";
				INFOPLIST_KEY_LSUIElement = YES;
				INFOPLIST_KEY_NSHumanReadableCopyright = "";
				LD_RUNPATH_SEARCH_PATHS = (
					"$(inherited)",
					"@executable_path/../Frameworks",
				);
				MACOSX_DEPLOYMENT_TARGET = 14.0;
				MARKETING_VERSION = 1.0;
				PRODUCT_BUNDLE_IDENTIFIER = com.pattonium.KeyType;
				PRODUCT_NAME = "$(TARGET_NAME)";
				REGISTER_APP_GROUPS = YES;
				STRING_CATALOG_GENERATE_SYMBOLS = YES;
				SWIFT_APPROACHABLE_CONCURRENCY = YES;
				SWIFT_DEFAULT_ACTOR_ISOLATION = MainActor;
				SWIFT_EMIT_LOC_STRINGS = YES;
				SWIFT_UPCOMING_FEATURE_MEMBER_IMPORT_VISIBILITY = YES;
				SWIFT_VERSION = 5.0;
			};
			name = Debug;
		};
		20DD9A732FC95AA900BE1F8C /* Release */ = {
			isa = XCBuildConfiguration;
			buildSettings = {
				ASSETCATALOG_COMPILER_APPICON_NAME = AppIcon;
				ASSETCATALOG_COMPILER_GLOBAL_ACCENT_COLOR_NAME = AccentColor;
				CODE_SIGN_STYLE = Automatic;
				COMBINE_HIDPI_IMAGES = YES;
				CURRENT_PROJECT_VERSION = 1;
				DEVELOPMENT_TEAM = KM2C4ZAVPJ;
				ENABLE_APP_SANDBOX = NO;
				ENABLE_HARDENED_RUNTIME = YES;
				ENABLE_PREVIEWS = YES;
				ENABLE_USER_SELECTED_FILES = readonly;
				GENERATE_INFOPLIST_FILE = YES;
				INFOPLIST_KEY_LSApplicationCategoryType = "public.app-category.productivity";
				INFOPLIST_KEY_LSUIElement = YES;
				INFOPLIST_KEY_NSHumanReadableCopyright = "";
				LD_RUNPATH_SEARCH_PATHS = (
					"$(inherited)",
					"@executable_path/../Frameworks",
				);
				MACOSX_DEPLOYMENT_TARGET = 14.0;
				MARKETING_VERSION = 1.0;
				PRODUCT_BUNDLE_IDENTIFIER = com.pattonium.KeyType;
				PRODUCT_NAME = "$(TARGET_NAME)";
				REGISTER_APP_GROUPS = YES;
				STRING_CATALOG_GENERATE_SYMBOLS = YES;
				SWIFT_APPROACHABLE_CONCURRENCY = YES;
				SWIFT_DEFAULT_ACTOR_ISOLATION = MainActor;
				SWIFT_EMIT_LOC_STRINGS = YES;
				SWIFT_UPCOMING_FEATURE_MEMBER_IMPORT_VISIBILITY = YES;
				SWIFT_VERSION = 5.0;
			};
			name = Release;
		};
		20DD9A752FC95AA900BE1F8C /* Debug */ = {
			isa = XCBuildConfiguration;
			buildSettings = {
				BUNDLE_LOADER = "$(TEST_HOST)";
				CODE_SIGN_STYLE = Automatic;
				CURRENT_PROJECT_VERSION = 1;
				DEVELOPMENT_TEAM = KM2C4ZAVPJ;
				GENERATE_INFOPLIST_FILE = YES;
				MACOSX_DEPLOYMENT_TARGET = 26.4;
				MARKETING_VERSION = 1.0;
				PRODUCT_BUNDLE_IDENTIFIER = com.pattonium.KeyTypeTests;
				PRODUCT_NAME = "$(TARGET_NAME)";
				STRING_CATALOG_GENERATE_SYMBOLS = NO;
				SWIFT_APPROACHABLE_CONCURRENCY = YES;
				SWIFT_EMIT_LOC_STRINGS = NO;
				SWIFT_UPCOMING_FEATURE_MEMBER_IMPORT_VISIBILITY = YES;
				SWIFT_VERSION = 5.0;
				TEST_HOST = "$(BUILT_PRODUCTS_DIR)/KeyType.app/$(BUNDLE_EXECUTABLE_FOLDER_PATH)/KeyType";
			};
			name = Debug;
		};
		20DD9A762FC95AA900BE1F8C /* Release */ = {
			isa = XCBuildConfiguration;
			buildSettings = {
				BUNDLE_LOADER = "$(TEST_HOST)";
				CODE_SIGN_STYLE = Automatic;
				CURRENT_PROJECT_VERSION = 1;
				DEVELOPMENT_TEAM = KM2C4ZAVPJ;
				GENERATE_INFOPLIST_FILE = YES;
				MACOSX_DEPLOYMENT_TARGET = 26.4;
				MARKETING_VERSION = 1.0;
				PRODUCT_BUNDLE_IDENTIFIER = com.pattonium.KeyTypeTests;
				PRODUCT_NAME = "$(TARGET_NAME)";
				STRING_CATALOG_GENERATE_SYMBOLS = NO;
				SWIFT_APPROACHABLE_CONCURRENCY = YES;
				SWIFT_EMIT_LOC_STRINGS = NO;
				SWIFT_UPCOMING_FEATURE_MEMBER_IMPORT_VISIBILITY = YES;
				SWIFT_VERSION = 5.0;
				TEST_HOST = "$(BUILT_PRODUCTS_DIR)/KeyType.app/$(BUNDLE_EXECUTABLE_FOLDER_PATH)/KeyType";
			};
			name = Release;
		};
		20DD9A782FC95AA900BE1F8C /* Debug */ = {
			isa = XCBuildConfiguration;
			buildSettings = {
				CODE_SIGN_STYLE = Automatic;
				CURRENT_PROJECT_VERSION = 1;
				DEVELOPMENT_TEAM = KM2C4ZAVPJ;
				GENERATE_INFOPLIST_FILE = YES;
				MARKETING_VERSION = 1.0;
				PRODUCT_BUNDLE_IDENTIFIER = com.pattonium.KeyTypeUITests;
				PRODUCT_NAME = "$(TARGET_NAME)";
				STRING_CATALOG_GENERATE_SYMBOLS = NO;
				SWIFT_APPROACHABLE_CONCURRENCY = YES;
				SWIFT_EMIT_LOC_STRINGS = NO;
				SWIFT_UPCOMING_FEATURE_MEMBER_IMPORT_VISIBILITY = YES;
				SWIFT_VERSION = 5.0;
				TEST_TARGET_NAME = KeyType;
			};
			name = Debug;
		};
		20DD9A792FC95AA900BE1F8C /* Release */ = {
			isa = XCBuildConfiguration;
			buildSettings = {
				CODE_SIGN_STYLE = Automatic;
				CURRENT_PROJECT_VERSION = 1;
				DEVELOPMENT_TEAM = KM2C4ZAVPJ;
				GENERATE_INFOPLIST_FILE = YES;
				MARKETING_VERSION = 1.0;
				PRODUCT_BUNDLE_IDENTIFIER = com.pattonium.KeyTypeUITests;
				PRODUCT_NAME = "$(TARGET_NAME)";
				STRING_CATALOG_GENERATE_SYMBOLS = NO;
				SWIFT_APPROACHABLE_CONCURRENCY = YES;
				SWIFT_EMIT_LOC_STRINGS = NO;
				SWIFT_UPCOMING_FEATURE_MEMBER_IMPORT_VISIBILITY = YES;
				SWIFT_VERSION = 5.0;
				TEST_TARGET_NAME = KeyType;
			};
			name = Release;
		};
/* End XCBuildConfiguration section */

/* Begin XCConfigurationList section */
		20DD9A492FC95AA900BE1F8C /* Build configuration list for PBXProject "KeyType" */ = {
			isa = XCConfigurationList;
			buildConfigurations = (
				20DD9A6F2FC95AA900BE1F8C /* Debug */,
				20DD9A702FC95AA900BE1F8C /* Release */,
			);
			defaultConfigurationIsVisible = 0;
			defaultConfigurationName = Release;
		};
		20DD9A712FC95AA900BE1F8C /* Build configuration list for PBXNativeTarget "KeyType" */ = {
			isa = XCConfigurationList;
			buildConfigurations = (
				20DD9A722FC95AA900BE1F8C /* Debug */,
				20DD9A732FC95AA900BE1F8C /* Release */,
			);
			defaultConfigurationIsVisible = 0;
			defaultConfigurationName = Release;
		};
		20DD9A742FC95AA900BE1F8C /* Build configuration list for PBXNativeTarget "KeyTypeTests" */ = {
			isa = XCConfigurationList;
			buildConfigurations = (
				20DD9A752FC95AA900BE1F8C /* Debug */,
				20DD9A762FC95AA900BE1F8C /* Release */,
			);
			defaultConfigurationIsVisible = 0;
			defaultConfigurationName = Release;
		};
		20DD9A772FC95AA900BE1F8C /* Build configuration list for PBXNativeTarget "KeyTypeUITests" */ = {
			isa = XCConfigurationList;
			buildConfigurations = (
				20DD9A782FC95AA900BE1F8C /* Debug */,
				20DD9A792FC95AA900BE1F8C /* Release */,
			);
			defaultConfigurationIsVisible = 0;
			defaultConfigurationName = Release;
		};
/* End XCConfigurationList section */

/* Begin XCLocalSwiftPackageReference section */
		4B5450012FC9600000000010 /* XCLocalSwiftPackageReference "Packages/AutocompleteCore" */ = {
			isa = XCLocalSwiftPackageReference;
			relativePath = Packages/AutocompleteCore;
		};
		4B5450012FC9600000000020 /* XCLocalSwiftPackageReference "Packages/MacContextCapture" */ = {
			isa = XCLocalSwiftPackageReference;
			relativePath = Packages/MacContextCapture;
		};
		4B5450012FC9600000000021 /* XCLocalSwiftPackageReference "Packages/Prompting" */ = {
			isa = XCLocalSwiftPackageReference;
			relativePath = Packages/Prompting;
		};
		4B5450012FC9600000000022 /* XCLocalSwiftPackageReference "Packages/ModelRuntime" */ = {
			isa = XCLocalSwiftPackageReference;
			relativePath = Packages/ModelRuntime;
		};
		4B5450012FC9600000000023 /* XCLocalSwiftPackageReference "Packages/TokenProfiles" */ = {
			isa = XCLocalSwiftPackageReference;
			relativePath = Packages/TokenProfiles;
		};
		4B5450012FC9600000000024 /* XCLocalSwiftPackageReference "Packages/ConstrainedGeneration" */ = {
			isa = XCLocalSwiftPackageReference;
			relativePath = Packages/ConstrainedGeneration;
		};
		4B5450012FC9600000000025 /* XCLocalSwiftPackageReference "Packages/CompletionUI" */ = {
			isa = XCLocalSwiftPackageReference;
			relativePath = Packages/CompletionUI;
		};
		4B5450012FC9600000000026 /* XCLocalSwiftPackageReference "Packages/TextInsertion" */ = {
			isa = XCLocalSwiftPackageReference;
			relativePath = Packages/TextInsertion;
		};
		4B5450012FC9600000000027 /* XCLocalSwiftPackageReference "Packages/AppCompatibility" */ = {
			isa = XCLocalSwiftPackageReference;
			relativePath = Packages/AppCompatibility;
		};
/* End XCLocalSwiftPackageReference section */

/* Begin XCSwiftPackageProductDependency section */
		4B5450012FC9600000000011 /* AutocompleteCore */ = {
			isa = XCSwiftPackageProductDependency;
			package = 4B5450012FC9600000000010 /* XCLocalSwiftPackageReference "Packages/AutocompleteCore" */;
			productName = AutocompleteCore;
		};
		4B5450012FC9600000000012 /* MacContextCapture */ = {
			isa = XCSwiftPackageProductDependency;
			package = 4B5450012FC9600000000020 /* XCLocalSwiftPackageReference "Packages/MacContextCapture" */;
			productName = MacContextCapture;
		};
		4B5450012FC9600000000013 /* Prompting */ = {
			isa = XCSwiftPackageProductDependency;
			package = 4B5450012FC9600000000021 /* XCLocalSwiftPackageReference "Packages/Prompting" */;
			productName = Prompting;
		};
		4B5450012FC9600000000014 /* ModelRuntime */ = {
			isa = XCSwiftPackageProductDependency;
			package = 4B5450012FC9600000000022 /* XCLocalSwiftPackageReference "Packages/ModelRuntime" */;
			productName = ModelRuntime;
		};
		4B5450012FC9600000000015 /* TokenProfiles */ = {
			isa = XCSwiftPackageProductDependency;
			package = 4B5450012FC9600000000023 /* XCLocalSwiftPackageReference "Packages/TokenProfiles" */;
			productName = TokenProfiles;
		};
		4B5450012FC9600000000016 /* ConstrainedGeneration */ = {
			isa = XCSwiftPackageProductDependency;
			package = 4B5450012FC9600000000024 /* XCLocalSwiftPackageReference "Packages/ConstrainedGeneration" */;
			productName = ConstrainedGeneration;
		};
		4B5450012FC9600000000017 /* CompletionUI */ = {
			isa = XCSwiftPackageProductDependency;
			package = 4B5450012FC9600000000025 /* XCLocalSwiftPackageReference "Packages/CompletionUI" */;
			productName = CompletionUI;
		};
		4B5450012FC9600000000018 /* TextInsertion */ = {
			isa = XCSwiftPackageProductDependency;
			package = 4B5450012FC9600000000026 /* XCLocalSwiftPackageReference "Packages/TextInsertion" */;
			productName = TextInsertion;
		};
		4B5450012FC9600000000019 /* AppCompatibility */ = {
			isa = XCSwiftPackageProductDependency;
			package = 4B5450012FC9600000000027 /* XCLocalSwiftPackageReference "Packages/AppCompatibility" */;
			productName = AppCompatibility;
		};
/* End XCSwiftPackageProductDependency section */
	};
	rootObject = 20DD9A462FC95AA900BE1F8C /* Project object */;
}
